lockfileVersion: '9.0'

settings:
  autoInstallPeers: true
  excludeLinksFromLockfile: false

importers:

  .:
    devDependencies:
      '@rslib/core':
        specifier: ^1.0.1
        version: 1.0.1(typescript@6.0.3)
      '@rstest/adapter-rslib':
        specifier: ^0.11.12
        version: 0.11.12(@rslib/core@1.0.1(typescript@6.0.3))(@rstest/core@0.11.12)(typescript@6.0.3)
      '@rstest/core':
        specifier: ^0.11.12
        version: 0.11.12
      '@types/node':
        specifier: ^24.13.4
        version: 24.13.6
      typescript:
        specifier: ^6.0.3
        version: 6.0.3

packages:

  '@ast-grep/napi-darwin-arm64@0.45.3':
    resolution: {integrity: sha512-rMZJ6frSpR/xSbeV4hiA9WR5hHqk3rVYX8lOqEoUCaUnjEuFXvHdGN4WawJ8pVDq/IqM1UnTtsDSYgUdVmO5DA==}
    engines: {node: '>= 10'}
    cpu: [arm64]
    os: [darwin]

  '@ast-grep/napi-darwin-x64@0.45.3':
    resolution: {integrity: sha512-tIclZ5pM+YSgk8NNTBoTkaclbS39cU5lbVfSrFWX4LUnxXfUPG+F+ppxyFjKwJTBELsGHEO4LdX3/Lc+FDwPNA==}
    engines: {node: '>= 10'}
    cpu: [x64]
    os: [darwin]

  '@ast-grep/napi-linux-arm64-gnu@0.45.3':
    resolution: {integrity: sha512-Bm8F7/oRHQkDXbjH+gBi9oB5huJ0q12r/AIOMIypf5PWlAVvh206Tsw468phw4Oh6kd4Ad1Z+gflNW1MutgK2g==}
    engines: {node: '>= 10'}
    cpu: [arm64]
    os: [linux]
    libc: [glibc]

  '@ast-grep/napi-linux-arm64-musl@0.45.3':
    resolution: {integrity: sha512-yr5xcRerV41GeRxmZ8SKbfGeyZRhQePoNNCgTAb4OrWMelWwbMI80aY7/IlF2bo1sN40BSW4hZdGIO/akTd1RQ==}
    engines: {node: '>= 10'}
    cpu: [arm64]
    os: [linux]
    libc: [musl]

  '@ast-grep/napi-linux-x64-gnu@0.45.3':
    resolution: {integrity: sha512-lluRK3hxfHMQdFuVID6seAKVx4FH0kEwF6rCh5/I40Sf3EtNR2UCBXAqd6RBA6hqlSckktvBxCfw+h4aescDmg==}
    engines: {node: '>= 10'}
    cpu: [x64]
    os: [linux]
    libc: [glibc]

  '@ast-grep/napi-linux-x64-musl@0.45.3':
    resolution: {integrity: sha512-09wJQKq86LqILqQtw0+X09SzhcPwUnMVFKyia7S3XLbLqSeQpAMF55Y+zll53JRQ1dCzFEZJyvTT/7j9vwfE3w==}
    engines: {node: '>= 10'}
    cpu: [x64]
    os: [linux]
    libc: [musl]

  '@ast-grep/napi-win32-arm64-msvc@0.45.3':
    resolution: {integrity: sha512-/HiVgw2cdtzXLDLoG4eBBcauekNXewfagy7qiVbjkVu/KcCH8dJ9lpj8DzeWwuBNtZxuD8jpiwP0M1pz3Bc3uw==}
    engines: {node: '>= 10'}
    cpu: [arm64]
    os: [win32]

  '@ast-grep/napi-win32-ia32-msvc@0.45.3':
    resolution: {integrity: sha512-/gwJrJQUw65uNtAFcG2rtSTr117Gqqy3bfjaljCPKsa65dTeRcMMnjKLlZ6V9/g8z+4Xf78kdhp5ECbir4yfSw==}
    engines: {node: '>= 10'}
    cpu: [ia32]
    os: [win32]

  '@ast-grep/napi-win32-x64-msvc@0.45.3':
    resolution: {integrity: sha512-CEZAMAsaDoQoVE3MT2c/ry3/ydfyaqlTjxv8DK5PG355SrdAYPgevGC2Me6tz4dhphJin89Y20VsnrS5UrYV5Q==}
    engines: {node: '>= 10'}
    cpu: [x64]
    os: [win32]

  '@ast-grep/napi@0.45.3':
    resolution: {integrity: sha512-bjJsUt0g3UCwbn9bjv7MnoR15rszSm79yPCXn4DWWK0NuYUUqBU/srtNMR4WnpfR7TnfBRdYFoqSNx0pGCNWJg==}
    engines: {node: '>= 10'}

  '@emnapi/core@1.11.3':
    resolution: {integrity: sha512-zLpS5asjEb7lq8jYLq37N6XKaE41DIexlY1rF/z4/tIl3wo13Sqm28fRyfIsKZD+NZ8mM5RoKkpW/rBcuoSZSg==}

  '@emnapi/runtime@1.11.3':
    resolution: {integrity: sha512-Xz4Tpyki7XyrpbUK1jR1AhdAdaXyhhY4lZ3neLodmhpuWfy2PAQN5B46sAiU4liOXGLkHypn/qU+jvfWSCYYLA==}

  '@emnapi/wasi-threads@1.2.3':
    resolution: {integrity: sha512-ELEBe8PsLvvJ6QMr0zLt8ffvOHW/dc1m3CEzNMg7aJUv3bMaoDtw2TXyDAwkYBuroxxuHEwhRTLJSe5sya547g==}

  '@napi-rs/wasm-runtime@1.1.6':
    resolution: {integrity: sha512-ZLv/JdUfkvOy9eCnnBaGfiO+XimbjebAeO+MRQqD/B+FR1tnRN0tpKSJHRbE8sFfS6aqsXZ67TQjfwfsxULVbg==}
    peerDependencies:
      '@emnapi/core': ^1.7.1
      '@emnapi/runtime': ^1.7.1

  '@rsbuild/core@2.2.8':
    resolution: {integrity: sha512-/htjYpZiqZFB/fELguE8nkqKDT/DqHXeXUgdf+X4UlP5BJc1EeolZ9ksDpCw9WNTlcn3zsPOj7UZ0dUUB4FAFA==}
    engines: {node: ^20.19.0 || >=22.12.0}
    hasBin: true
    peerDependencies:
      core-js: '>= 3.0.0'
    peerDependenciesMeta:
      core-js:
        optional: true

  '@rslib/core@1.0.1':
    resolution: {integrity: sha512-FsUgiFALdgPQDM41OEYmt18J4061Vcm/fW2RXkZcwlO56PNaAEu2vtk+i8iH0lPEpCK79OaJPYjUzygOj4pPpA==}
    engines: {node: ^20.19.0 || >=22.12.0}
    hasBin: true
    peerDependencies:
      '@microsoft/api-extractor': ^7
      typescript: ^5 || ^6 || ^7
    peerDependenciesMeta:
      '@microsoft/api-extractor':
        optional: true
      typescript:
        optional: true

  '@rspack/binding-darwin-arm64@2.2.6':
    resolution: {integrity: sha512-y8I8MAeKAOYuLqEKYQSmNFcW4dI1u5O+xYQcjT1L3Gby02KEt0YxlmSPvzElSQJUjsJ8PkKqU3U1suDjA6xvkg==}
    cpu: [arm64]
    os: [darwin]

  '@rspack/binding-darwin-x64@2.2.6':
    resolution: {integrity: sha512-+zhtUAP+nZON1lSlqOFJWW2VpIXRZ4/NQskYe0xohELI4Fr6xun/Oh8dIMt+Nviamvo7lbO9XURrFio1+Fziog==}
    cpu: [x64]
    os: [darwin]

  '@rspack/binding-linux-arm64-gnu@2.2.6':
    resolution: {integrity: sha512-7GI9xlkzVMAp9dbNvynvAreMjQQNw01b+khYYfmoQOgWXTUwrtzR7/JhJ3tijVQTXkyiYAKJ0RPvz57yD+p1vQ==}
    cpu: [arm64]
    os: [linux]
    libc: [glibc]

  '@rspack/binding-linux-arm64-musl@2.2.6':
    resolution: {integrity: sha512-klkjpGdeROzRiGSk2amfeZBAh0vWu0GjX5xKKQfRR4IqKQxURGCQafbvl3VX5XrHEUnKFzag89Lyv+ZVx5eTCw==}
    cpu: [arm64]
    os: [linux]
    libc: [musl]

  '@rspack/binding-linux-ppc64-gnu@2.2.6':
    resolution: {integrity: sha512-TpLZr49oU31EuEqVDczpbfLZ6c976zu8HspBuUWYj1Ra4SNeOHhINKE1i42OVw2DCEMpsz8Tv3tYyLVACGC8JA==}
    cpu: [ppc64]
    os: [linux]
    libc: [glibc]

  '@rspack/binding-linux-riscv64-gnu@2.2.6':
    resolution: {integrity: sha512-gU3Ki8Lt6cE4qRM62959/28GG3XQUZsnvstgDULJpkHR5QFGYXUhOoPe2fpyWYrLw6+t9lWXBuI/gUez1zc8Sg==}
    cpu: [riscv64]
    os: [linux]
    libc: [glibc]

  '@rspack/binding-linux-riscv64-musl@2.2.6':
    resolution: {integrity: sha512-OQRvU8HT9rGmtgdpieO722IrGViDlR0D6yjqbt7S51b+saBPwJ8Nf3fwMtpZnBo1djV2BGXK00L34jYypeChrw==}
    cpu: [riscv64]
    os: [linux]
    libc: [musl]

  '@rspack/binding-linux-s390x-gnu@2.2.6':
    resolution: {integrity: sha512-pus4Z76+J1iRO5Gutc6pq1LkyVhXqi0Sw6o5Dxwtl3sSbVy+F5PJkxtAT+DEg07pQy5m3dCymz2CIpiFlwYLTQ==}
    cpu: [s390x]
    os: [linux]
    libc: [glibc]

  '@rspack/binding-linux-x64-gnu@2.2.6':
    resolution: {integrity: sha512-M0Efi9ny2cJ6VdhHxsZbcwdRCQ0HqBAsnPxPB8Ulknj+VtRlWnTlX/DlqMaHFuCb0MOWS6DXGGEAZ8veEil0BA==}
    cpu: [x64]
    os: [linux]
    libc: [glibc]

  '@rspack/binding-linux-x64-musl@2.2.6':
    resolution: {integrity: sha512-614vRMr6VAqUXQm9TY7FCamcB08XJOv51WAwIlfEpoKTYxzNiQvrTYBYPgStUH20ywLwVoN6EJ++WCmHaebGWw==}
    cpu: [x64]
    os: [linux]
    libc: [musl]

  '@rspack/binding-wasm32-wasi@2.2.6':
    resolution: {integrity: sha512-p995VmOEcHWPKw/Eek0CYUjmXWhfyWOPoKtE51Dy0/jqHcs7uRy53igDd277yHTuKCHibmwU+cjSKUe6b/aBZg==}
    cpu: [wasm32]

  '@rspack/binding-win32-arm64-msvc@2.2.6':
    resolution: {integrity: sha512-xC8nHMqVzQWqVW95HOcf9qTsM445ui7QNfUTDui6oTiHcBtsyfK1CEdXsc50bdi/FrJ2ueOps3M5gxbM8Ttl/A==}
    cpu: [arm64]
    os: [win32]

  '@rspack/binding-win32-ia32-msvc@2.2.6':
    resolution: {integrity: sha512-sfqP/LSnMwAHpTA+Cfbkhvx/IvUr23Z7S+miOkaMT/j2XJYCBrPZK0ZYm8+LUNDQ2ij8/XCJT4pVpQbtc/SMPw==}
    cpu: [ia32]
    os: [win32]

  '@rspack/binding-win32-x64-msvc@2.2.6':
    resolution: {integrity: sha512-b1ERY5QydZWJKA13AYsoMPZycG5AGoUc3sOMqLszO0gs84aMnLbK7lBiyeZCvEcHEa7gSFQlLQr9p+Xk7HPO4Q==}
    cpu: [x64]
    os: [win32]

  '@rspack/binding@2.2.6':
    resolution: {integrity: sha512-bCB4a7KKaQpPNlkExf27AmLJabeGjpjXlhnCdvmSIHHlT3YfpYz2CSKOLLLI/BcBez8zUBNDVmvswm3ggCCRqA==}

  '@rspack/core@2.2.6':
    resolution: {integrity: sha512-sqN75Fgf6v3tCmt8GAG/rdcYHOUDv/YZbQf24YCGDoMLmdNlXCosCHkBYWI8qdLs9IqSnGt7XgbcA39Zilg6UQ==}
    engines: {node: ^20.19.0 || >=22.12.0}
    peerDependencies:
      '@module-federation/runtime-tools': ^0.24.1 || ^2.0.0
      '@swc/helpers': ^0.5.23
    peerDependenciesMeta:
      '@module-federation/runtime-tools':
        optional: true
      '@swc/helpers':
        optional: true

  '@rstest/adapter-rslib@0.11.12':
    resolution: {integrity: sha512-YIJ+4uTmTYCPWtsoePZ9nTsA9j0OVa24sM0nvwWig4inhKJi50Aa7+yd//N9CtQ0Gc608BJ5S5fo9w/DfCSWYA==}
    peerDependencies:
      '@rslib/core': '>=0.18.6 || ^1.0.0-0'
      '@rstest/core': ^0.11.0
      typescript: ^5.0.0 || ^6.0.0 || ^7.0.0
    peerDependenciesMeta:
      typescript:
        optional: true

  '@rstest/core@0.11.12':
    resolution: {integrity: sha512-dklEYLtL1eip/11K+o3xEchEs2nCGua2u2W8Pycf6PS8TE0PDJH2Bn9y/txuQI4YVHyIQ88PISWtS6fVnxSyXQ==}
    engines: {node: ^20.19.0 || >=22.12.0}
    hasBin: true
    peerDependencies:
      happy-dom: ^20.8.3
      jsdom: '>=15.0.0'
    peerDependenciesMeta:
      happy-dom:
        optional: true
      jsdom:
        optional: true

  '@swc/helpers@0.5.23':
    resolution: {integrity: sha512-5lSsMOTXURePglDfvuAQUqkGek9Hg2kksOYay2m0+XR++b2NWYL/4sWyuvVBIs8oKnJaxkdi9whaL/sqN13afw==}

  '@tybys/wasm-util@0.10.4':
    resolution: {integrity: sha512-W3c4gRigFS0T/Ma4qIYF3GDAc5AQdHb1yL5znJT1Zv1YaD9Kitx656wBjvr19qbiosmZT8lWDM5BEMynUqX65A==}

  '@types/chai@5.2.3':
    resolution: {integrity: sha512-Mw558oeA9fFbv65/y4mHtXDs9bPnFMZAL/jxdPFUpOHHIXX91mcgEHbS5Lahr+pwZFR8A7GQleRWeI6cGFC2UA==}

  '@types/deep-eql@4.0.2':
    resolution: {integrity: sha512-c9h9dVVMigMPc4bwTvC5dxqtqJZwQPePsWjPlpSOnojbor6pGqdk541lfA7AqFQr5pB1BRdq0juY9db81BwyFw==}

  '@types/node@24.13.6':
    resolution: {integrity: sha512-SGrw/h3KPFshy3OE6ZL53LMBG5vGQQ8/gIpiqz/kRZhPJ7HgwCEs8LBuNtWLa8dvGZVpSF7+Bf+c11HUrCb/yg==}

  assertion-error@2.0.1:
    resolution: {integrity: sha512-Izi8RQcffqCeNVgFigKli1ssklIbpHnCYc6AknXGYoB6grJqyeby7jv12JUQgmTAnIDnbck1uxksT4dzN3PWBA==}
    engines: {node: '>=12'}

  rsbuild-plugin-dts@1.0.1:
    resolution: {integrity: sha512-vzLhs8v1SuRd0qyIWue5caaM2A1lGImuH+cQAX71KnNpS9BZHyHRBHHXBFp9jp610XJnLlkBATyPclqUfGtCAA==}
    engines: {node: ^20.19.0 || >=22.12.0}
    peerDependencies:
      '@microsoft/api-extractor': ^7
      '@rsbuild/core': ^2.0.0
      typescript: ^5 || ^6 || ^7
    peerDependenciesMeta:
      '@microsoft/api-extractor':
        optional: true
      typescript:
        optional: true

  tslib@2.8.1:
    resolution: {integrity: sha512-oJFu94HQb+KVduSUQL7wnpmqnfmLsOA/nAh6b6EH0wCEoK0/mPeXU6c3wKDV83MkOuHPRHtSXKKU99IBazS/2w==}

  typescript@6.0.3:
    resolution: {integrity: sha512-y2TvuxSZPDyQakkFRPZHKFm+KKVqIisdg9/CZwm9ftvKXLP8NRWj38/ODjNbr43SsoXqNuAisEf1GdCxqWcdBw==}
    engines: {node: '>=14.17'}
    hasBin: true

  undici-types@7.18.2:
    resolution: {integrity: sha512-AsuCzffGHJybSaRrmr5eHr81mwJU3kjw6M+uprWvCXiNeN9SOGwQ3Jn8jb8m3Z6izVgknn1R0FTCEAP2QrLY/w==}

snapshots:

  '@ast-grep/napi-darwin-arm64@0.45.3':
    optional: true

  '@ast-grep/napi-darwin-x64@0.45.3':
    optional: true

  '@ast-grep/napi-linux-arm64-gnu@0.45.3':
    optional: true

  '@ast-grep/napi-linux-arm64-musl@0.45.3':
    optional: true

  '@ast-grep/napi-linux-x64-gnu@0.45.3':
    optional: true

  '@ast-grep/napi-linux-x64-musl@0.45.3':
    optional: true

  '@ast-grep/napi-win32-arm64-msvc@0.45.3':
    optional: true

  '@ast-grep/napi-win32-ia32-msvc@0.45.3':
    optional: true

  '@ast-grep/napi-win32-x64-msvc@0.45.3':
    optional: true

  '@ast-grep/napi@0.45.3':
    optionalDependencies:
      '@ast-grep/napi-darwin-arm64': 0.45.3
      '@ast-grep/napi-darwin-x64': 0.45.3
      '@ast-grep/napi-linux-arm64-gnu': 0.45.3
      '@ast-grep/napi-linux-arm64-musl': 0.45.3
      '@ast-grep/napi-linux-x64-gnu': 0.45.3
      '@ast-grep/napi-linux-x64-musl': 0.45.3
      '@ast-grep/napi-win32-arm64-msvc': 0.45.3
      '@ast-grep/napi-win32-ia32-msvc': 0.45.3
      '@ast-grep/napi-win32-x64-msvc': 0.45.3

  '@emnapi/core@1.11.3':
    dependencies:
      '@emnapi/wasi-threads': 1.2.3
      tslib: 2.8.1
    optional: true

  '@emnapi/runtime@1.11.3':
    dependencies:
      tslib: 2.8.1
    optional: true

  '@emnapi/wasi-threads@1.2.3':
    dependencies:
      tslib: 2.8.1
    optional: true

  '@napi-rs/wasm-runtime@1.1.6(@emnapi/core@1.11.3)(@emnapi/runtime@1.11.3)':
    dependencies:
      '@emnapi/core': 1.11.3
      '@emnapi/runtime': 1.11.3
      '@tybys/wasm-util': 0.10.4
    optional: true

  '@rsbuild/core@2.2.8':
    dependencies:
      '@rspack/core': 2.2.6(@swc/helpers@0.5.23)
      '@swc/helpers': 0.5.23
    transitivePeerDependencies:
      - '@module-federation/runtime-tools'

  '@rslib/core@1.0.1(typescript@6.0.3)':
    dependencies:
      '@rsbuild/core': 2.2.8
      rsbuild-plugin-dts: 1.0.1(@rsbuild/core@2.2.8)(typescript@6.0.3)
    optionalDependencies:
      typescript: 6.0.3
    transitivePeerDependencies:
      - '@module-federation/runtime-tools'
      - core-js

  '@rspack/binding-darwin-arm64@2.2.6':
    optional: true

  '@rspack/binding-darwin-x64@2.2.6':
    optional: true

  '@rspack/binding-linux-arm64-gnu@2.2.6':
    optional: true

  '@rspack/binding-linux-arm64-musl@2.2.6':
    optional: true

  '@rspack/binding-linux-ppc64-gnu@2.2.6':
    optional: true

  '@rspack/binding-linux-riscv64-gnu@2.2.6':
    optional: true

  '@rspack/binding-linux-riscv64-musl@2.2.6':
    optional: true

  '@rspack/binding-linux-s390x-gnu@2.2.6':
    optional: true

  '@rspack/binding-linux-x64-gnu@2.2.6':
    optional: true

  '@rspack/binding-linux-x64-musl@2.2.6':
    optional: true

  '@rspack/binding-wasm32-wasi@2.2.6':
    dependencies:
      '@emnapi/core': 1.11.3
      '@emnapi/runtime': 1.11.3
      '@napi-rs/wasm-runtime': 1.1.6(@emnapi/core@1.11.3)(@emnapi/runtime@1.11.3)
    optional: true

  '@rspack/binding-win32-arm64-msvc@2.2.6':
    optional: true

  '@rspack/binding-win32-ia32-msvc@2.2.6':
    optional: true

  '@rspack/binding-win32-x64-msvc@2.2.6':
    optional: true

  '@rspack/binding@2.2.6':
    optionalDependencies:
      '@rspack/binding-darwin-arm64': 2.2.6
      '@rspack/binding-darwin-x64': 2.2.6
      '@rspack/binding-linux-arm64-gnu': 2.2.6
      '@rspack/binding-linux-arm64-musl': 2.2.6
      '@rspack/binding-linux-ppc64-gnu': 2.2.6
      '@rspack/binding-linux-riscv64-gnu': 2.2.6
      '@rspack/binding-linux-riscv64-musl': 2.2.6
      '@rspack/binding-linux-s390x-gnu': 2.2.6
      '@rspack/binding-linux-x64-gnu': 2.2.6
      '@rspack/binding-linux-x64-musl': 2.2.6
      '@rspack/binding-wasm32-wasi': 2.2.6
      '@rspack/binding-win32-arm64-msvc': 2.2.6
      '@rspack/binding-win32-ia32-msvc': 2.2.6
      '@rspack/binding-win32-x64-msvc': 2.2.6

  '@rspack/core@2.2.6(@swc/helpers@0.5.23)':
    dependencies:
      '@rspack/binding': 2.2.6
    optionalDependencies:
      '@swc/helpers': 0.5.23

  '@rstest/adapter-rslib@0.11.12(@rslib/core@1.0.1(typescript@6.0.3))(@rstest/core@0.11.12)(typescript@6.0.3)':
    dependencies:
      '@rslib/core': 1.0.1(typescript@6.0.3)
      '@rstest/core': 0.11.12
    optionalDependencies:
      typescript: 6.0.3

  '@rstest/core@0.11.12':
    dependencies:
      '@rsbuild/core': 2.2.8
      '@types/chai': 5.2.3
    transitivePeerDependencies:
      - '@module-federation/runtime-tools'
      - core-js

  '@swc/helpers@0.5.23':
    dependencies:
      tslib: 2.8.1

  '@tybys/wasm-util@0.10.4':
    dependencies:
      tslib: 2.8.1
    optional: true

  '@types/chai@5.2.3':
    dependencies:
      '@types/deep-eql': 4.0.2
      assertion-error: 2.0.1

  '@types/deep-eql@4.0.2': {}

  '@types/node@24.13.6':
    dependencies:
      undici-types: 7.18.2

  assertion-error@2.0.1: {}

  rsbuild-plugin-dts@1.0.1(@rsbuild/core@2.2.8)(typescript@6.0.3):
    dependencies:
      '@ast-grep/napi': 0.45.3
      '@rsbuild/core': 2.2.8
    optionalDependencies:
      typescript: 6.0.3

  tslib@2.8.1: {}

  typescript@6.0.3: {}

  undici-types@7.18.2: {}
